<?xml version="1.0" encoding="utf-8"?>
<Project ToolsVersion="4.0" xmlns="http://schemas.microsoft.com/developer/msbuild/2003">
  <ItemGroup>
    <ClInclude Include="src\Tetromino.h" />
    <ClInclude Include="src\Well.h" />
    <ClInclude Include="src\KeyManager.h" />
    <ClInclude Include="src\PieceManager.h" />
    <ClInclude Include="src\Game.h" />
    <ClInclude Include="src\Bag.h" />
    <ClInclude Include="src\MovementTimer.h" />
  </ItemGroup>
  <ItemGroup>
    <ClCompile Include="src\Main.cpp" />
    <ClCompile Include="src\KeyManager.cpp" />
    <ClCompile Include="src\PieceManager.cpp" />
    <ClCompile Include="src\Well.cpp" />
    <ClCompile Include="src\Tetromino.cpp" />
    <ClCompile Include="src\Game.cpp" />
    <ClCompile Include="src\Bag.cpp" />
    <ClCompile Include="src\MovementTimer.cpp" />
  </ItemGroup>
</Project>